// !$*UTF8*$!
{
	archiveVersion = 1;
	classes = {
	};
	objectVersion = 46;
	objects = {

/* Begin PBXBuildFile section */
		3432716B1EF04D6E00542566 /* AppDelegate.swift in Sources */ = {isa = PBXBuildFile; fileRef = 3432716A1EF04D6E00542566 /* AppDelegate.swift */; };
		3432716D1EF04D6E00542566 /* ViewController.swift in Sources */ = {isa = PBXBuildFile; fileRef = 3432716C1EF04D6E00542566 /* ViewController.swift */; };
		343271701EF04D6E00542566 /* Main.storyboard in Resources */ = {isa = PBXBuildFile; fileRef = 3432716E1EF04D6E00542566 /* Main.storyboard */; };
		343271721EF04D6E00542566 /* Assets.xcassets in Resources */ = {isa = PBXBuildFile; fileRef = 343271711EF04D6E00542566 /* Assets.xcassets */; };
		343271751EF04D6E00542566 /* LaunchScreen.storyboard in Resources */ = {isa = PBXBuildFile; fileRef = 343271731EF04D6E00542566 /* LaunchScreen.storyboard */; };
		343271801EF04D6E00542566 /* TicTacToeTests.swift in Sources */ = {isa = PBXBuildFile; fileRef = 3432717F1EF04D6E00542566 /* TicTacToeTests.swift */; };
/* End PBXBuildFile section */

/* Begin PBXContainerItemProxy section */
		3432717C1EF04D6E00542566 /* PBXContainerItemProxy */ = {
			isa = PBXContainerItemProxy;
			containerPortal = 3432715F1EF04D6E00542566 /* Project object */;
			proxyType = 1;
			remoteGlobalIDString = 343271661EF04D6E00542566;
			remoteInfo = TicTacToe;
		};
/* End PBXContainerItemProxy section */

/* Begin PBXFileReference section */
		343271671EF04D6E00542566 /* TicTacToe.app */ = {isa = PBXFileReference; explicitFileType = wrapper.application; includeInIndex = 0; path = TicTacToe.app; sourceTree = BUILT_PRODUCTS_DIR; };
		3432716A1EF04D6E00542566 /* AppDelegate.swift */ = {isa = PBXFileReference; lastKnownFileType = sourcecode.swift; path = AppDelegate.swift; sourceTree = "<group>"; };
		3432716C1EF04D6E00542566 /* ViewController.swift */ = {isa = PBXFileReference; lastKnownFileType = sourcecode.swift; path = ViewController.swift; sourceTree = "<group>"; };
		3432716F1EF04D6E00542566 /* Base */ = {isa = PBXFileReference; lastKnownFileType = file.storyboard; name = Base; path = Base.lproj/Main.storyboard; sourceTree = "<group>"; };
		343271711EF04D6E00542566 /* Assets.xcassets */ = {isa = PBXFileReference; lastKnownFileType = folder.assetcatalog; path = Assets.xcassets; sourceTree = "<group>"; };
		343271741EF04D6E00542566 /* Base */ = {isa = PBXFileReference; lastKnownFileType = file.storyboard; name = Base; path = Base.lproj/LaunchScreen.storyboard; sourceTree = "<group>"; };
		343271761EF04D6E00542566 /* Info.plist */ = {isa = PBXFileReference; lastKnownFileType = text.plist.xml; path = Info.plist; sourceTree = "<group>"; };
		3432717B1EF04D6E00542566 /* TicTacToeTests.xctest */ = {isa = PBXFileReference; explicitFileType = wrapper.cfbundle; includeInIndex = 0; path = TicTacToeTests.xctest; sourceTree = BUILT_PRODUCTS_DIR; };
		3432717F1EF04D6E00542566 /* TicTacToeTests.swift */ = {isa = PBXFileReference; lastKnownFileType = sourcecode.swift; path = TicTacToeTests.swift; sourceTree = "<group>"; };
		343271811EF04D6E00542566 /* Info.plist */ = {isa = PBXFileReference; lastKnownFileType = text.plist.xml; path = Info.plist; sourceTree = "<group>"; };
/* End PBXFileReference section */

/* Begin PBXFrameworksBuildPhase section */
		343271641EF04D6E00542566 /* Frameworks */ = {
			isa = PBXFrameworksBuildPhase;
			buildActionMask = 2147483647;
			files = (
			);
			runOnlyForDeploymentPostprocessing = 0;
		};
		343271781EF04D6E00542566 /* Frameworks */ = {
			isa = PBXFrameworksBuildPhase;
			buildActionMask = 2147483647;
			files = (
			);
			runOnlyForDeploymentPostprocessing = 0;
		};
/* End PBXFrameworksBuildPhase section */

/* Begin PBXGroup section */
		3432715E1EF04D6E00542566 = {
			isa = PBXGroup;
			children = (
				343271691EF04D6E00542566 /* TicTacToe */,
				3432717E1EF04D6E00542566 /* TicTacToeTests */,
				343271681EF04D6E00542566 /* Products */,
			);
			sourceTree = "<group>";
		};
		343271681EF04D6E00542566 /* Products */ = {
			isa = PBXGroup;
			children = (
				343271671EF04D6E00542566 /* TicTacToe.app */,
				3432717B1EF04D6E00542566 /* TicTacToeTests.xctest */,
			);
			name = Products;
			sourceTree = "<group>";
		};
		343271691EF04D6E00542566 /* TicTacToe */ = {
			isa = PBXGroup;
			children = (
				3432716A1EF04D6E00542566 /* AppDelegate.swift */,
				3432716C1EF04D6E00542566 /* ViewController.swift */,
				3432716E1EF04D6E00542566 /* Main.storyboard */,
				343271711EF04D6E00542566 /* Assets.xcassets */,
				343271731EF04D6E00542566 /* LaunchScreen.storyboard */,
				343271761EF04D6E00542566 /* Info.plist */,
			);
			path = TicTacToe;
			sourceTree = "<group>";
		};
		3432717E1EF04D6E00542566 /* TicTacToeTests */ = {
			isa = PBXGroup;
			children = (
				3432717F1EF04D6E00542566 /* TicTacToeTests.swift */,
				343271811EF04D6E00542566 /* Info.plist */,
			);
			path = TicTacToeTests;
			sourceTree = "<group>";
		};
/* End PBXGroup section */

/* Begin PBXNativeTarget section */
		343271661EF04D6E00542566 /* TicTacToe */ = {
			isa = PBXNativeTarget;
			buildConfigurationList = 343271841EF04D6E00542566 /* Build configuration list for PBXNativeTarget "TicTacToe" */;
			buildPhases = (
				343271631EF04D6E00542566 /* Sources */,
				343271641EF04D6E00542566 /* Frameworks */,
				343271651EF04D6E00542566 /* Resources */,
			);
			buildRules = (
			);
			dependencies = (
			);
			name = TicTacToe;
			productName = TicTacToe;
			productReference = 343271671EF04D6E00542566 /* TicTacToe.app */;
			productType = "com.apple.product-type.application";
		};
		3432717A1EF04D6E00542566 /* TicTacToeTests */ = {
			isa = PBXNativeTarget;
			buildConfigurationList = 343271871EF04D6E00542566 /* Build configuration list for PBXNativeTarget "TicTacToeTests" */;
			buildPhases = (
				343271771EF04D6E00542566 /* Sources */,
				343271781EF04D6E00542566 /* Frameworks */,
				343271791EF04D6E00542566 /* Resources */,
			);
			buildRules = (
			);
			dependencies = (
				3432717D1EF04D6E00542566 /* PBXTargetDependency */,
			);
			name = TicTacToeTests;
			productName = TicTacToeTests;
			productReference = 3432717B1EF04D6E00542566 /* TicTacToeTests.xctest */;
			productType = "com.apple.product-type.bundle.unit-test";
		};
/* End PBXNativeTarget section */

/* Begin PBXProject section */
		3432715F1EF04D6E00542566 /* Project object */ = {
			isa = PBXProject;
			attributes = {
				LastSwiftUpdateCheck = 0830;
				LastUpgradeCheck = 0830;
				ORGANIZATIONNAME = "Tushar Gupta";
				TargetAttributes = {
					343271661EF04D6E00542566 = {
						CreatedOnToolsVersion = 8.3.1;
						DevelopmentTeam = ZT9SZ2WBXE;
						ProvisioningStyle = Automatic;
					};
					3432717A1EF04D6E00542566 = {
						CreatedOnToolsVersion = 8.3.1;
						DevelopmentTeam = ZT9SZ2WBXE;
						ProvisioningStyle = Automatic;
						TestTargetID = 343271661EF04D6E00542566;
					};
				};
			};
			buildConfigurationList = 343271621EF04D6E00542566 /* Build configuration list for PBXProject "TicTacToe" */;
			compatibilityVersion = "Xcode 3.2";
			developmentRegion = English;
			hasScannedForEncodings = 0;
			knownRegions = (
				en,
				Base,
			);
			mainGroup = 3432715E1EF04D6E00542566;
			productRefGroup = 343271681EF04D6E00542566 /* Products */;
			projectDirPath = "";
			projectRoot = "";
			targets = (
				343271661EF04D6E00542566 /* TicTacToe */,
				3432717A1EF04D6E00542566 /* TicTacToeTests */,
			);
		};
/* End PBXProject section */

/* Begin PBXResourcesBuildPhase section */
		343271651EF04D6E00542566 /* Resources */ = {
			isa = PBXResourcesBuildPhase;
			buildActionMask = 2147483647;
			files = (
				343271751EF04D6E00542566 /* LaunchScreen.storyboard in Resources */,
				343271721EF04D6E00542566 /* Assets.xcassets in Resources */,
				343271701EF04D6E00542566 /* Main.storyboard in Resources */,
			);
			runOnlyForDeploymentPostprocessing = 0;
		};
		343271791EF04D6E00542566 /* Resources */ = {
			isa = PBXResourcesBuildPhase;
			buildActionMask = 2147483647;
			files = (
			);
			runOnlyForDeploymentPostprocessing = 0;
		};
/* End PBXResourcesBuildPhase section */

/* Begin PBXSourcesBuildPhase section */
		343271631EF04D6E00542566 /* Sources */ = {
			isa = PBXSourcesBuildPhase;
			buildActionMask = 2147483647;
			files = (
				3432716D1EF04D6E00542566 /* ViewController.swift in Sources */,
				3432716B1EF04D6E00542566 /* AppDelegate.swift in Sources */,
			);
			runOnlyForDeploymentPostprocessing = 0;
		};
		343271771EF04D6E00542566 /* Sources */ = {
			isa = PBXSourcesBuildPhase;
			buildActionMask = 2147483647;
			files = (
				343271801EF04D6E00542566 /* TicTacToeTests.swift in Sources */,
			);
			runOnlyForDeploymentPostprocessing = 0;
		};
/* End PBXSourcesBuildPhase section */

/* Begin PBXTargetDependency section */
		3432717D1EF04D6E00542566 /* PBXTargetDependency */ = {
			isa = PBXTargetDependency;
			target = 343271661EF04D6E00542566 /* TicTacToe */;
			targetProxy = 3432717C1EF04D6E00542566 /* PBXContainerItemProxy */;
		};
/* End PBXTargetDependency section */

/* Begin PBXVariantGroup section */
		3432716E1EF04D6E00542566 /* Main.storyboard */ = {
			isa = PBXVariantGroup;
			children = (
				3432716F1EF04D6E00542566 /* Base */,
			);
			name = Main.storyboard;
			sourceTree = "<group>";
		};
		343271731EF04D6E00542566 /* LaunchScreen.storyboard */ = {
			isa = PBXVariantGroup;
			children = (
				343271741EF04D6E00542566 /* Base */,
			);
			name = LaunchScreen.storyboard;
			sourceTree = "<group>";
		};
/* End PBXVariantGroup section */

/* Begin XCBuildConfiguration section */
		343271821EF04D6E00542566 /* Debug */ = {
			isa = XCBuildConfiguration;
			buildSettings = {
				ALWAYS_SEARCH_USER_PATHS = NO;
				CLANG_ANALYZER_NONNULL = YES;
				CLANG_ANALYZER_NUMBER_OBJECT_CONVERSION = YES_AGGRESSIVE;
				CLANG_CXX_LANGUAGE_STANDARD = "gnu++0x";
				CLANG_CXX_LIBRARY = "libc++";
				CLANG_ENABLE_MODULES = YES;
				CLANG_ENABLE_OBJC_ARC = YES;
				CLANG_WARN_BOOL_CONVERSION = YES;
				CLANG_WARN_CONSTANT_CONVERSION = YES;
				CLANG_WARN_DIRECT_OBJC_ISA_USAGE = YES_ERROR;
				CLANG_WARN_DOCUMENTATION_COMMENTS = YES;
				CLANG_WARN_EMPTY_BODY = YES;
				CLANG_WARN_ENUM_CONVERSION = YES;
				CLANG_WARN_INFINITE_RECURSION = YES;
				CLANG_WARN_INT_CONVERSION = YES;
				CLANG_WARN_OBJC_ROOT_CLASS = YES_ERROR;
				CLANG_WARN_SUSPICIOUS_MOVE = YES;
				CLANG_WARN_UNREACHABLE_CODE = YES;
				CLANG_WARN__DUPLICATE_METHOD_MATCH = YES;
				"CODE_SIGN_IDENTITY[sdk=iphoneos*]" = "iPhone Developer";
				COPY_PHASE_STRIP = NO;
				DEBUG_INFORMATION_FORMAT = dwarf;
				ENABLE_STRICT_OBJC_MSGSEND = YES;
				ENABLE_TESTABILITY = YES;
				GCC_C_LANGUAGE_STANDARD = gnu99;
				GCC_DYNAMIC_NO_PIC = NO;
				GCC_NO_COMMON_BLOCKS = YES;
				GCC_OPTIMIZATION_LEVEL = 0;
				GCC_PREPROCESSOR_DEFINITIONS = (
					"DEBUG=1",
					"$(inherited)",
				);
				GCC_WARN_64_TO_32_BIT_CONVERSION = YES;
				GCC_WARN_ABOUT_RETURN_TYPE = YES_ERROR;
				GCC_WARN_UNDECLARED_SELECTOR = YES;
				GCC_WARN_UNINITIALIZED_AUTOS = YES_AGGRESSIVE;
				GCC_WARN_UNUSED_FUNCTION = YES;
				GCC_WARN_UNUSED_VARIABLE = YES;
				IPHONEOS_DEPLOYMENT_TARGET = 10.3;
				MTL_ENABLE_DEBUG_INFO = YES;
				ONLY_ACTIVE_ARCH = YES;
				SDKROOT = iphoneos;
				SWIFT_ACTIVE_COMPILATION_CONDITIONS = DEBUG;
				SWIFT_OPTIMIZATION_LEVEL = "-Onone";
				TARGETED_DEVICE_FAMILY = "1,2";
			};
			name = Debug;
		};
		343271831EF04D6E00542566 /* Release */ = {
			isa = XCBuildConfiguration;
			buildSettings = {
				ALWAYS_SEARCH_USER_PATHS = NO;
				CLANG_ANALYZER_NONNULL = YES;
				CLANG_ANALYZER_NUMBER_OBJECT_CONVERSION = YES_AGGRESSIVE;
				CLANG_CXX_LANGUAGE_STANDARD = "gnu++0x";
				CLANG_CXX_LIBRARY = "libc++";
				CLANG_ENABLE_MODULES = YES;
				CLANG_ENABLE_OBJC_ARC = YES;
				CLANG_WARN_BOOL_CONVERSION = YES;
				CLANG_WARN_CONSTANT_CONVERSION = YES;
				CLANG_WARN_DIRECT_OBJC_ISA_USAGE = YES_ERROR;
				CLANG_WARN_DOCUMENTATION_COMMENTS = YES;
				CLANG_WARN_EMPTY_BODY = YES;
				CLANG_WARN_ENUM_CONVERSION = YES;
				CLANG_WARN_INFINITE_RECURSION = YES;
				CLANG_WARN_INT_CONVERSION = YES;
				CLANG_WARN_OBJC_ROOT_CLASS = YES_ERROR;
				CLANG_WARN_SUSPICIOUS_MOVE = YES;
				CLANG_WARN_UNREACHABLE_CODE = YES;
				CLANG_WARN__DUPLICATE_METHOD_MATCH = YES;
				"CODE_SIGN_IDENTITY[sdk=iphoneos*]" = "iPhone Developer";
				COPY_PHASE_STRIP = NO;
				DEBUG_INFORMATION_FORMAT = "dwarf-with-dsym";
				ENABLE_NS_ASSERTIONS = NO;
				ENABLE_STRICT_OBJC_MSGSEND = YES;
				GCC_C_LANGUAGE_STANDARD = gnu99;
				GCC_NO_COMMON_BLOCKS = YES;
				GCC_WARN_64_TO_32_BIT_CONVERSION = YES;
				GCC_WARN_ABOUT_RETURN_TYPE = YES_ERROR;
				GCC_WARN_UNDECLARED_SELECTOR = YES;
				GCC_WARN_UNINITIALIZED_AUTOS = YES_AGGRESSIVE;
				GCC_WARN_UNUSED_FUNCTION = YES;
				GCC_WARN_UNUSED_VARIABLE = YES;
				IPHONEOS_DEPLOYMENT_TARGET = 10.3;
				MTL_ENABLE_DEBUG_INFO = NO;
				SDKROOT = iphoneos;
				SWIFT_OPTIMIZATION_LEVEL = "-Owholemodule";
				TARGETED_DEVICE_FAMILY = "1,2";
				VALIDATE_PRODUCT = YES;
			};
			name = Release;
		};
		343271851EF04D6E00542566 /* Debug */ = {
			isa = XCBuildConfiguration;
			buildSettings = {
				ASSETCATALOG_COMPILER_APPICON_NAME = AppIcon;
				DEVELOPMENT_TEAM = ZT9SZ2WBXE;
				INFOPLIST_FILE = TicTacToe/Info.plist;
				LD_RUNPATH_SEARCH_PATHS = "$(inherited) @executable_path/Frameworks";
				PRODUCT_BUNDLE_IDENTIFIER = com.ios.tusharg.TicTacToe;
				PRODUCT_NAME = "$(TARGET_NAME)";
				SWIFT_VERSION = 3.0;
			};
			name = Debug;
		};
		343271861EF04D6E00542566 /* Release */ = {
			isa = XCBuildConfiguration;
			buildSettings = {
				ASSETCATALOG_COMPILER_APPICON_NAME = AppIcon;
				DEVELOPMENT_TEAM = ZT9SZ2WBXE;
				INFOPLIST_FILE = TicTacToe/Info.plist;
				LD_RUNPATH_SEARCH_PATHS = "$(inherited) @executable_path/Frameworks";
				PRODUCT_BUNDLE_IDENTIFIER = com.ios.tusharg.TicTacToe;
				PRODUCT_NAME = "$(TARGET_NAME)";
				SWIFT_VERSION = 3.0;
			};
			name = Release;
		};
		343271881EF04D6E00542566 /* Debug */ = {
			isa = XCBuildConfiguration;
			buildSettings = {
				ALWAYS_EMBED_SWIFT_STANDARD_LIBRARIES = YES;
				BUNDLE_LOADER = "$(TEST_HOST)";
				DEVELOPMENT_TEAM = ZT9SZ2WBXE;
				INFOPLIST_FILE = TicTacToeTests/Info.plist;
				LD_RUNPATH_SEARCH_PATHS = "$(inherited) @executable_path/Frameworks @loader_path/Frameworks";
				PRODUCT_BUNDLE_IDENTIFIER = com.ios.tusharg.TicTacToeTests;
				PRODUCT_NAME = "$(TARGET_NAME)";
				SWIFT_VERSION = 3.0;
				TEST_HOST = "$(BUILT_PRODUCTS_DIR)/TicTacToe.app/TicTacToe";
			};
			name = Debug;
		};
		343271891EF04D6E00542566 /* Release */ = {
			isa = XCBuildConfiguration;
			buildSettings = {
				ALWAYS_EMBED_SWIFT_STANDARD_LIBRARIES = YES;
				BUNDLE_LOADER = "$(TEST_HOST)";
				DEVELOPMENT_TEAM = ZT9SZ2WBXE;
				INFOPLIST_FILE = TicTacToeTests/Info.plist;
				LD_RUNPATH_SEARCH_PATHS = "$(inherited) @executable_path/Frameworks @loader_path/Frameworks";
				PRODUCT_BUNDLE_IDENTIFIER = com.ios.tusharg.TicTacToeTests;
				PRODUCT_NAME = "$(TARGET_NAME)";
				SWIFT_VERSION = 3.0;
				TEST_HOST = "$(BUILT_PRODUCTS_DIR)/TicTacToe.app/TicTacToe";
			};
			name = Release;
		};
/* End XCBuildConfiguration section */

/* Begin XCConfigurationList section */
		343271621EF04D6E00542566 /* Build configuration list for PBXProject "TicTacToe" */ = {
			isa = XCConfigurationList;
			buildConfigurations = (
				343271821EF04D6E00542566 /* Debug */,
				343271831EF04D6E00542566 /* Release */,
			);
			defaultConfigurationIsVisible = 0;
			defaultConfigurationName = Release;
		};
		343271841EF04D6E00542566 /* Build configuration list for PBXNativeTarget "TicTacToe" */ = {
			isa = XCConfigurationList;
			buildConfigurations = (
				343271851EF04D6E00542566 /* Debug */,
				343271861EF04D6E00542566 /* Release */,
			);
			defaultConfigurationIsVisible = 0;
		};
		343271871EF04D6E00542566 /* Build configuration list for PBXNativeTarget "TicTacToeTests" */ = {
			isa = XCConfigurationList;
			buildConfigurations = (
				343271881EF04D6E00542566 /* Debug */,
				343271891EF04D6E00542566 /* Release */,
			);
			defaultConfigurationIsVisible = 0;
		};
/* End XCConfigurationList section */
	};
	rootObject = 3432715F1EF04D6E00542566 /* Project object */;
}
